{
  "name": "ui",
  "version": "0.0.0",
  "lockfileVersion": 3,
  "requires": true,
  "packages": {
    "": {
      "name": "ui",
      "version": "0.0.0",
      "dependencies": {
        "@lucide/svelte": "^0.562.0",
        "@tauri-apps/api": "^2.9.1",
        "@tauri-apps/plugin-dialog": "^2",
        "@tauri-apps/plugin-fs": "^2",
        "liquid-glass-svelte": "^1.2.0",
        "virtua": "^0.48.3"
      },
      "devDependencies": {
        "@sveltejs/vite-plugin-svelte": "^6.2.1",
        "@tsconfig/svelte": "^5.0.6",
        "@types/node": "^24.10.1",
        "svelte": "^5.43.8",
        "svelte-check": "^4.3.4",
        "typescript": "~5.9.3",
        "vite": "^7.2.4"
      }
    },
    "../node_modules/.pnpm/@lucide+svelte@0.562.0_svelte@5.46.3/node_modules/@lucide/svelte": {
      "version": "0.562.0",
      "license": "ISC",
      "devDependencies": {
        "@lucide/build-icons": "1.1.0",
        "@lucide/helpers": "1.0.0",
        "@sveltejs/package": "^2.3.10",
        "@sveltejs/vite-plugin-svelte": "^5.0.3",
        "@testing-library/jest-dom": "^6.1.4",
        "@testing-library/svelte": "^5.2.7",
        "@tsconfig/svelte": "^5.0.4",
        "jest-serializer-html": "^7.1.0",
        "jsdom": "^20.0.3",
        "svelte": "^5.20.5",
        "svelte-check": "^4.1.4",
        "svelte-preprocess": "^6.0.3",
        "typescript": "^5.8.3",
        "vite": "^6.3.6",
        "vitest": "^4.0.12"
      },
      "peerDependencies": {
        "svelte": "^5"
      }
    },
    "../node_modules/.pnpm/@sveltejs+vite-plugin-svelt_10c450fc64d1488a36ef0fe4e59d1ffb/node_modules/@sveltejs/vite-plugin-svelte": {
      "version": "6.2.4",
      "dev": true,
      "license": "MIT",
      "dependencies": {
        "@sveltejs/vite-plugin-svelte-inspector": "^5.0.0",
        "deepmerge": "^4.3.1",
        "magic-string": "^0.30.21",
        "obug": "^2.1.0",
        "vitefu": "^1.1.1"
      },
      "devDependencies": {
        "@types/debug": "^4.1.12",
        "sass": "^1.94.2",
        "svelte": "^5.45.4",
        "vite": "^7.2.6"
      },
      "engines": {
        "node": "^20.19 || ^22.12 || >=24"
      },
      "peerDependencies": {
        "svelte": "^5.0.0",
        "vite": "^6.3.0 || ^7.0.0"
      }
    },
    "../node_modules/.pnpm/@tauri-apps+api@2.9.1/node_modules/@tauri-apps/api": {
      "version": "2.9.1",
      "license": "Apache-2.0 OR MIT",
      "devDependencies": {
        "@eslint/js": "^9.29.0",
        "@rollup/plugin-terser": "0.4.4",
        "@rollup/plugin-typescript": "12.3.0",
        "@types/eslint": "^9.6.1",
        "@types/node": "^24.0.0",
        "eslint": "^9.29.0",
        "eslint-config-prettier": "10.1.8",
        "eslint-plugin-security": "3.0.1",
        "fast-glob": "3.3.3",
        "globals": "^16.2.0",
        "rollup": "4.53.3",
        "tslib": "^2.8.1",
        "typescript": "^5.8.3",
        "typescript-eslint": "^8.34.1"
      },
      "funding": {
        "type": "opencollective",
        "url": "https://opencollective.com/tauri"
      }
    },
    "../node_modules/.pnpm/@tauri-apps+plugin-dialog@2.6.0/node_modules/@tauri-apps/plugin-dialog": {
      "version": "2.6.0",
      "license": "MIT OR Apache-2.0",
      "dependencies": {
        "@tauri-apps/api": "^2.8.0"
      }
    },
    "../node_modules/.pnpm/@tauri-apps+plugin-fs@2.4.5/node_modules/@tauri-apps/plugin-fs": {
      "version": "2.4.5",
      "license": "MIT OR Apache-2.0",
      "dependencies": {
        "@tauri-apps/api": "^2.8.0"
      }
    },
    "../node_modules/.pnpm/@tsconfig+svelte@5.0.6/node_modules/@tsconfig/svelte": {
      "version": "5.0.6",
      "dev": true,
      "license": "MIT"
    },
    "../node_modules/.pnpm/@types+node@24.10.8/node_modules/@types/node": {
      "version": "24.10.8",
      "dev": true,
      "license": "MIT",
      "dependencies": {
        "undici-types": "~7.16.0"
      }
    },
    "../node_modules/.pnpm/svelte-check@4.3.5_picomatc_1ff226264417cd557083fdd7c5481b72/node_modules/svelte-check": {
      "version": "4.3.5",
      "dev": true,
      "license": "MIT",
      "dependencies": {
        "@jridgewell/trace-mapping": "^0.3.25",
        "chokidar": "^4.0.1",
        "fdir": "^6.2.0",
        "picocolors": "^1.0.0",
        "sade": "^1.7.4"
      },
      "bin": {
        "svelte-check": "bin/svelte-check"
      },
      "devDependencies": {
        "@rollup/plugin-commonjs": "^24.0.0",
        "@rollup/plugin-json": "^6.0.0",
        "@rollup/plugin-node-resolve": "^15.0.0",
        "@rollup/plugin-replace": "5.0.2",
        "@rollup/plugin-typescript": "^10.0.0",
        "@types/sade": "^1.7.2",
        "builtin-modules": "^3.3.0",
        "rollup": "3.7.5",
        "rollup-plugin-cleanup": "^3.2.0",
        "rollup-plugin-copy": "^3.4.0",
        "svelte": "^4.2.19",
        "svelte-language-server": "0.17.23",
        "typescript": "^5.9.2",
        "vscode-languageserver": "8.0.2",
        "vscode-languageserver-protocol": "3.17.2",
        "vscode-languageserver-types": "3.17.2",
        "vscode-uri": "~3.1.0"
      },
      "engines": {
        "node": ">= 18.0.0"
      },
      "peerDependencies": {
        "svelte": "^4.0.0 || ^5.0.0-next.0",
        "typescript": ">=5.0.0"
      }
    },
    "../node_modules/.pnpm/svelte@5.46.3/node_modules/svelte": {
      "version": "5.46.3",
      "license": "MIT",
      "dependencies": {
        "@jridgewell/remapping": "^2.3.4",
        "@jridgewell/sourcemap-codec": "^1.5.0",
        "@sveltejs/acorn-typescript": "^1.0.5",
        "@types/estree": "^1.0.5",
        "acorn": "^8.12.1",
        "aria-query": "^5.3.1",
        "axobject-query": "^4.1.0",
        "clsx": "^2.1.1",
        "devalue": "^5.5.0",
        "esm-env": "^1.2.1",
        "esrap": "^2.2.1",
        "is-reference": "^3.0.3",
        "locate-character": "^3.0.0",
        "magic-string": "^0.30.11",
        "zimmerframe": "^1.1.2"
      },
      "devDependencies": {
        "@jridgewell/trace-mapping": "^0.3.25",
        "@playwright/test": "^1.46.1",
        "@rollup/plugin-commonjs": "^28.0.1",
        "@rollup/plugin-node-resolve": "^15.3.0",
        "@rollup/plugin-terser": "^0.4.4",
        "@rollup/plugin-virtual": "^3.0.2",
        "@types/aria-query": "^5.0.4",
        "@types/node": "^20.11.5",
        "dts-buddy": "^0.5.5",
        "esbuild": "^0.25.10",
        "rollup": "^4.22.4",
        "source-map": "^0.7.4",
        "tinyglobby": "^0.2.12",
        "typescript": "^5.5.4",
        "vitest": "^2.1.9"
      },
      "engines": {
        "node": ">=18"
      }
    },
    "../node_modules/.pnpm/typescript@5.9.3/node_modules/typescript": {
      "version": "5.9.3",
      "dev": true,
      "license": "Apache-2.0",
      "bin": {
        "tsc": "bin/tsc",
        "tsserver": "bin/tsserver"
      },
      "devDependencies": {
        "@dprint/formatter": "^0.4.1",
        "@dprint/typescript": "0.93.4",
        "@esfx/canceltoken": "^1.0.0",
        "@eslint/js": "^9.20.0",
        "@octokit/rest": "^21.1.1",
        "@types/chai": "^4.3.20",
        "@types/diff": "^7.0.1",
        "@types/minimist": "^1.2.5",
        "@types/mocha": "^10.0.10",
        "@types/ms": "^0.7.34",
        "@types/node": "latest",
        "@types/source-map-support": "^0.5.10",
        "@types/which": "^3.0.4",
        "@typescript-eslint/rule-tester": "^8.24.1",
        "@typescript-eslint/type-utils": "^8.24.1",
        "@typescript-eslint/utils": "^8.24.1",
        "azure-devops-node-api": "^14.1.0",
        "c8": "^10.1.3",
        "chai": "^4.5.0",
        "chokidar": "^4.0.3",
        "diff": "^7.0.0",
        "dprint": "^0.49.0",
        "esbuild": "^0.25.0",
        "eslint": "^9.20.1",
        "eslint-formatter-autolinkable-stylish": "^1.4.0",
        "eslint-plugin-regexp": "^2.7.0",
        "fast-xml-parser": "^4.5.2",
        "glob": "^10.4.5",
        "globals": "^15.15.0",
        "hereby": "^1.10.0",
        "jsonc-parser": "^3.3.1",
        "knip": "^5.44.4",
        "minimist": "^1.2.8",
        "mocha": "^10.8.2",
        "mocha-fivemat-progress-reporter": "^0.1.0",
        "monocart-coverage-reports": "^2.12.1",
        "ms": "^2.1.3",
        "picocolors": "^1.1.1",
        "playwright": "^1.50.1",
        "source-map-support": "^0.5.21",
        "tslib": "^2.8.1",
        "typescript": "^5.7.3",
        "typescript-eslint": "^8.24.1",
        "which": "^3.0.1"
      },
      "engines": {
        "node": ">=14.17"
      }
    },
    "../node_modules/.pnpm/virtua@0.48.3_svelte@5.46.3/node_modules/virtua": {
      "version": "0.48.3",
      "license": "MIT",
      "devDependencies": {
        "@atlaskit/pragmatic-drag-and-drop": "^1.7.0",
        "@atlaskit/pragmatic-drag-and-drop-auto-scroll": "^2.0.0",
        "@atlaskit/pragmatic-drag-and-drop-hitbox": "^1.1.0",
        "@atlaskit/pragmatic-drag-and-drop-react-drop-indicator": "^3.2.0",
        "@babel/plugin-transform-react-pure-annotations": "^7.27.1",
        "@dnd-kit/core": "^6.3.1",
        "@dnd-kit/sortable": "^10.0.0",
        "@emotion/react": "^11.13.5",
        "@emotion/styled": "^11.13.5",
        "@faker-js/faker": "^10.0.0",
        "@formkit/auto-animate": "^0.9.0",
        "@mui/material": "^7.3.2",
        "@playwright/test": "^1.56.0",
        "@radix-ui/colors": "^3.0.0",
        "@radix-ui/react-icons": "^1.3.2",
        "@radix-ui/react-scroll-area": "^1.2.10",
        "@radix-ui/react-select": "^2.2.6",
        "@rollup/plugin-babel": "^6.0.4",
        "@rollup/plugin-terser": "^0.4.4",
        "@rollup/plugin-typescript": "^12.0.0",
        "@size-limit/preset-small-lib": "^11.2.0",
        "@solidjs/testing-library": "^0.8.10",
        "@storybook/addon-docs": "^10.1.10",
        "@storybook/addon-vitest": "^10.1.10",
        "@storybook/react-vite": "^10.1.10",
        "@storybook/svelte-vite": "^10.1.10",
        "@storybook/vue3-vite": "^10.1.10",
        "@sveltejs/vite-plugin-svelte": "^6.0.0",
        "@tanstack/react-virtual": "^3.13.14",
        "@testing-library/dom": "^10.4.0",
        "@testing-library/react": "^16.3.0",
        "@testing-library/vue": "^8.1.0",
        "@types/jsdom": "^27.0.0",
        "@types/react": "^19.2.0",
        "@types/react-dom": "^19.2.0",
        "@types/react-virtualized": "^9.22.3",
        "@vitejs/plugin-react": "^5.0.4",
        "@vitejs/plugin-vue": "^6.0.1",
        "@vitejs/plugin-vue-jsx": "^5.1.1",
        "@vitest/browser": "^4.0.16",
        "@vitest/browser-playwright": "^4.0.16",
        "@vitest/coverage-v8": "^4.0.16",
        "babel-preset-solid": "^1.9.9",
        "cmdk": "^1.1.1",
        "eslint": "^9.38.0",
        "eslint-import-resolver-typescript": "^4.3.5",
        "eslint-plugin-import": "^2.31.0",
        "eslint-plugin-react": "^7.37.5",
        "eslint-plugin-react-hooks": "^7.0.1",
        "eslint-plugin-solid": "^0.14.5",
        "eslint-plugin-vue": "^10.4.0",
        "jsdom": "^27.0.0",
        "re-resizable": "^6.11.2",
        "react": "^19.2.0",
        "react-content-loader": "^7.1.1",
        "react-dom": "^19.2.0",
        "react-is": "^19.2.0",
        "react-merge-refs": "^3.0.2",
        "react-virtualized": "^9.22.6",
        "react-virtuoso": "^4.18.1",
        "react-window": "^2.2.3",
        "rimraf": "^6.0.1",
        "rollup": "^4.54.0",
        "rollup-plugin-banner2": "^1.3.1",
        "rollup-plugin-copy": "^3.5.0",
        "size-limit": "^11.2.0",
        "solid-js": "^1.9.9",
        "storybook": "^10.1.10",
        "storybook-solidjs-vite": "^10.0.2",
        "svelte": "^5.38.9",
        "svelte-check": "^4.3.1",
        "typedoc": "^0.28.4",
        "typedoc-plugin-markdown": "^4.6.3",
        "typedoc-plugin-vue": "^1.5.0",
        "typescript": "^5.9.0",
        "typescript-eslint": "^8.46.2",
        "unplugin-vue-jsx": "^0.8.0",
        "virtua": "^0.48.2",
        "vite": "^7.3.0",
        "vite-plugin-solid": "^2.11.9",
        "vitest": "^4.0.16",
        "vue": "^3.4.34",
        "vue-eslint-parser": "^10.2.0"
      },
      "peerDependencies": {
        "react": ">=16.14.0",
        "react-dom": ">=16.14.0",
        "solid-js": ">=1.0",
        "svelte": ">=5.0",
        "vue": ">=3.2"
      },
      "peerDependenciesMeta": {
        "react": {
          "optional": true
        },
        "react-dom": {
          "optional": true
        },
        "solid-js": {
          "optional": true
        },
        "svelte": {
          "optional": true
        },
        "vue": {
          "optional": true
        }
      }
    },
    "../node_modules/.pnpm/vite@7.3.1_@types+node@24.10.8/node_modules/vite": {
      "version": "7.3.1",
      "dev": true,
      "license": "MIT",
      "dependencies": {
        "esbuild": "^0.27.0",
        "fdir": "^6.5.0",
        "picomatch": "^4.0.3",
        "postcss": "^8.5.6",
        "rollup": "^4.43.0",
        "tinyglobby": "^0.2.15"
      },
      "bin": {
        "vite": "bin/vite.js"
      },
      "devDependencies": {
        "@babel/parser": "^7.28.5",
        "@jridgewell/remapping": "^2.3.5",
        "@jridgewell/trace-mapping": "^0.3.31",
        "@oxc-project/types": "0.95.0",
        "@polka/compression": "^1.0.0-next.25",
        "@rolldown/pluginutils": "^1.0.0-beta.52",
        "@rollup/plugin-alias": "^5.1.1",
        "@rollup/plugin-commonjs": "^29.0.0",
        "@rollup/plugin-dynamic-import-vars": "2.1.4",
        "@rollup/pluginutils": "^5.3.0",
        "@types/escape-html": "^1.0.4",
        "@types/pnpapi": "^0.0.5",
        "artichokie": "^0.4.2",
        "baseline-browser-mapping": "^2.8.32",
        "cac": "^6.7.14",
        "chokidar": "^3.6.0",
        "connect": "^3.7.0",
        "convert-source-map": "^2.0.0",
        "cors": "^2.8.5",
        "cross-spawn": "^7.0.6",
        "dotenv": "^17.2.3",
        "dotenv-expand": "^12.0.3",
        "es-module-lexer": "^1.7.0",
        "escape-html": "^1.0.3",
        "estree-walker": "^3.0.3",
        "etag": "^1.8.1",
        "host-validation-middleware": "^0.1.2",
        "http-proxy-3": "^1.22.0",
        "launch-editor-middleware": "^2.12.0",
        "lightningcss": "^1.30.2",
        "magic-string": "^0.30.21",
        "mlly": "^1.8.0",
        "mrmime": "^2.0.1",
        "nanoid": "^5.1.6",
        "obug": "^1.0.2",
        "open": "^10.2.0",
        "parse5": "^8.0.0",
        "pathe": "^2.0.3",
        "periscopic": "^4.0.2",
        "picocolors": "^1.1.1",
        "postcss-import": "^16.1.1",
        "postcss-load-config": "^6.0.1",
        "postcss-modules": "^6.0.1",
        "premove": "^4.0.0",
        "resolve.exports": "^2.0.3",
        "rolldown": "^1.0.0-beta.52",
        "rolldown-plugin-dts": "^0.18.1",
        "rollup-plugin-license": "^3.6.0",
        "sass": "^1.94.2",
        "sass-embedded": "^1.93.3",
        "sirv": "^3.0.2",
        "strip-literal": "^3.1.0",
        "terser": "^5.44.1",
        "tsconfck": "^3.1.6",
        "ufo": "^1.6.1",
        "ws": "^8.18.3"
      },
      "engines": {
        "node": "^20.19.0 || >=22.12.0"
      },
      "funding": {
        "url": "https://github.com/vitejs/vite?sponsor=1"
      },
      "optionalDependencies": {
        "fsevents": "~2.3.3"
      },
      "peerDependencies": {
        "@types/node": "^20.19.0 || >=22.12.0",
        "jiti": ">=1.21.0",
        "less": "^4.0.0",
        "lightningcss": "^1.21.0",
        "sass": "^1.70.0",
        "sass-embedded": "^1.70.0",
        "stylus": ">=0.54.8",
        "sugarss": "^5.0.0",
        "terser": "^5.16.0",
        "tsx": "^4.8.1",
        "yaml": "^2.4.2"
      },
      "peerDependenciesMeta": {
        "@types/node": {
          "optional": true
        },
        "jiti": {
          "optional": true
        },
        "less": {
          "optional": true
        },
        "lightningcss": {
          "optional": true
        },
        "sass": {
          "optional": true
        },
        "sass-embedded": {
          "optional": true
        },
        "stylus": {
          "optional": true
        },
        "sugarss": {
          "optional": true
        },
        "terser": {
          "optional": true
        },
        "tsx": {
          "optional": true
        },
        "yaml": {
          "optional": true
        }
      }
    },
    "node_modules/@lucide/svelte": {
      "resolved": "../node_modules/.pnpm/@lucide+svelte@0.562.0_svelte@5.46.3/node_modules/@lucide/svelte",
      "link": true
    },
    "node_modules/@sveltejs/vite-plugin-svelte": {
      "resolved": "../node_modules/.pnpm/@sveltejs+vite-plugin-svelt_10c450fc64d1488a36ef0fe4e59d1ffb/node_modules/@sveltejs/vite-plugin-svelte",
      "link": true
    },
    "node_modules/@tauri-apps/api": {
      "resolved": "../node_modules/.pnpm/@tauri-apps+api@2.9.1/node_modules/@tauri-apps/api",
      "link": true
    },
    "node_modules/@tauri-apps/plugin-dialog": {
      "resolved": "../node_modules/.pnpm/@tauri-apps+plugin-dialog@2.6.0/node_modules/@tauri-apps/plugin-dialog",
      "link": true
    },
    "node_modules/@tauri-apps/plugin-fs": {
      "resolved": "../node_modules/.pnpm/@tauri-apps+plugin-fs@2.4.5/node_modules/@tauri-apps/plugin-fs",
      "link": true
    },
    "node_modules/@tsconfig/svelte": {
      "resolved": "../node_modules/.pnpm/@tsconfig+svelte@5.0.6/node_modules/@tsconfig/svelte",
      "link": true
    },
    "node_modules/@types/node": {
      "resolved": "../node_modules/.pnpm/@types+node@24.10.8/node_modules/@types/node",
      "link": true
    },
    "node_modules/@types/to-px": {
      "version": "1.1.4",
      "resolved": "https://registry.npmjs.org/@types/to-px/-/to-px-1.1.4.tgz",
      "integrity": "sha512-t8imv37xCZ5yS7ff9g8/3iRwfqx6ro8h3qkI1F1gjqdeu7q5/CxyjDs/EIHbdoEH89SdGuUC+SU27CWUZQ/Jtg==",
      "license": "MIT"
    },
    "node_modules/liquid-glass-svelte": {
      "version": "1.2.0",
      "resolved": "https://registry.npmjs.org/liquid-glass-svelte/-/liquid-glass-svelte-1.2.0.tgz",
      "integrity": "sha512-zKV5UITxQ6vPiFGl/fVemQUmu6qCHEPpxynhJVE7YqNhQs+Y9+E97GsBI8D9qZ4iZcHOL5IusQhW9ITEiky3MQ==",
      "license": "MIT",
      "dependencies": {
        "@types/to-px": "^1.1.4",
        "to-px": "^1.1.0"
      },
      "peerDependencies": {
        "svelte": "^5.0.0"
      }
    },
    "node_modules/parse-unit": {
      "version": "1.0.1",
      "resolved": "https://registry.npmjs.org/parse-unit/-/parse-unit-1.0.1.tgz",
      "integrity": "sha512-hrqldJHokR3Qj88EIlV/kAyAi/G5R2+R56TBANxNMy0uPlYcttx0jnMW6Yx5KsKPSbC3KddM/7qQm3+0wEXKxg==",
      "license": "MIT"
    },
    "node_modules/svelte": {
      "resolved": "../node_modules/.pnpm/svelte@5.46.3/node_modules/svelte",
      "link": true
    },
    "node_modules/svelte-check": {
      "resolved": "../node_modules/.pnpm/svelte-check@4.3.5_picomatc_1ff226264417cd557083fdd7c5481b72/node_modules/svelte-check",
      "link": true
    },
    "node_modules/to-px": {
      "version": "1.1.0",
      "resolved": "https://registry.npmjs.org/to-px/-/to-px-1.1.0.tgz",
      "integrity": "sha512-bfg3GLYrGoEzrGoE05TAL/Uw+H/qrf2ptr9V3W7U0lkjjyYnIfgxmVLUfhQ1hZpIQwin81uxhDjvUkDYsC0xWw==",
      "license": "MIT",
      "dependencies": {
        "parse-unit": "^1.0.1"
      }
    },
    "node_modules/typescript": {
      "resolved": "../node_modules/.pnpm/typescript@5.9.3/node_modules/typescript",
      "link": true
    },
    "node_modules/virtua": {
      "resolved": "../node_modules/.pnpm/virtua@0.48.3_svelte@5.46.3/node_modules/virtua",
      "link": true
    },
    "node_modules/vite": {
      "resolved": "../node_modules/.pnpm/vite@7.3.1_@types+node@24.10.8/node_modules/vite",
      "link": true
    }
  }
}
